
Microsoft Visual Studio Solution File, Format Version 12.00
# Visual Studio Version 16
VisualStudioVersion = 16.0.30517.126
MinimumVisualStudioVersion = 10.0.40219.1
Project("{FAE04EC0-301F-11D3-BF4B-00C04F79EFBC}") = "TeamPowered", "TeamPowered\TeamPowered.csproj", "{145BE463-E2AD-43BD-BA99-9A9BB7F100D1}"
EndProject
Global
	GlobalSection(SolutionConfigurationPlatforms) = preSolution
		Debug|Any CPU = Debug|Any CPU
		Release|Any CPU = Release|Any CPU
	EndGlobalSection
	GlobalSection(ProjectConfigurationPlatforms) = postSolution
		{145BE463-E2AD-43BD-BA99-9A9BB7F100D1}.Debug|Any CPU.ActiveCfg = Debug|Any CPU
		{145BE463-E2AD-43BD-BA99-9A9BB7F100D1}.Debug|Any CPU.Build.0 = Debug|Any CPU
		{145BE463-E2AD-43BD-BA99-9A9BB7F100D1}.Release|Any CPU.ActiveCfg = Release|Any CPU
		{145BE463-E2AD-43BD-BA99-9A9BB7F100D1}.Release|Any CPU.Build.0 = Release|Any CPU
	EndGlobalSection
	GlobalSection(SolutionProperties) = preSolution
		HideSolutionNode = FALSE
	EndGlobalSection
	GlobalSection(ExtensibilityGlobals) = postSolution
		SolutionGuid = {02D7DABA-C6E5-4AC1-9310-016DB02706B5}
	EndGlobalSection
EndGlobal
